
Microsoft Visual Studio Solution File, Format Version 12.00
# Visual Studio Version 16
VisualStudioVersion = 16.0.34407.143
MinimumVisualStudioVersion = 10.0.40219.1
Project("{FAE04EC0-301F-11D3-BF4B-00C04F79EFBC}") = "Data_Access_Layer", "Data Access Layer\Data_Access_Layer.csproj", "{76E26023-ECFC-423D-AE69-3D5BE8BC6E27}"
EndProject
Project("{FAE04EC0-301F-11D3-BF4B-00C04F79EFBC}") = "BusinessLogicLayer", "BusinessLogicLayer\BusinessLogicLayer.csproj", "{A616D007-6AF7-4ACF-90D1-3FBEA83AD88F}"
EndProject
Project("{FAE04EC0-301F-11D3-BF4B-00C04F79EFBC}") = "EmployeeManagementSystem", "EmployeeManagementSystem\EmployeeManagementSystem.csproj", "{91B88068-A512-472F-AFBB-BB36FC564F58}"
EndProject
Project("{FAE04EC0-301F-11D3-BF4B-00C04F79EFBC}") = "EmployeeManagementSystemAPI", "EmployeeManagementSystemAPI\EmployeeManagementSystemAPI.csproj", "{8D3F42D4-A1A9-438E-9A79-EF7593903873}"
EndProject
Global
	GlobalSection(SolutionConfigurationPlatforms) = preSolution
		Debug|Any CPU = Debug|Any CPU
		Release|Any CPU = Release|Any CPU
	EndGlobalSection
	GlobalSection(ProjectConfigurationPlatforms) = postSolution
		{76E26023-ECFC-423D-AE69-3D5BE8BC6E27}.Debug|Any CPU.ActiveCfg = Debug|Any CPU
		{76E26023-ECFC-423D-AE69-3D5BE8BC6E27}.Debug|Any CPU.Build.0 = Debug|Any CPU
		{76E26023-ECFC-423D-AE69-3D5BE8BC6E27}.Release|Any CPU.ActiveCfg = Release|Any CPU
		{76E26023-ECFC-423D-AE69-3D5BE8BC6E27}.Release|Any CPU.Build.0 = Release|Any CPU
		{A616D007-6AF7-4ACF-90D1-3FBEA83AD88F}.Debug|Any CPU.ActiveCfg = Debug|Any CPU
		{A616D007-6AF7-4ACF-90D1-3FBEA83AD88F}.Debug|Any CPU.Build.0 = Debug|Any CPU
		{A616D007-6AF7-4ACF-90D1-3FBEA83AD88F}.Release|Any CPU.ActiveCfg = Release|Any CPU
		{A616D007-6AF7-4ACF-90D1-3FBEA83AD88F}.Release|Any CPU.Build.0 = Release|Any CPU
		{91B88068-A512-472F-AFBB-BB36FC564F58}.Debug|Any CPU.ActiveCfg = Debug|Any CPU
		{91B88068-A512-472F-AFBB-BB36FC564F58}.Debug|Any CPU.Build.0 = Debug|Any CPU
		{91B88068-A512-472F-AFBB-BB36FC564F58}.Release|Any CPU.ActiveCfg = Release|Any CPU
		{91B88068-A512-472F-AFBB-BB36FC564F58}.Release|Any CPU.Build.0 = Release|Any CPU
		{8D3F42D4-A1A9-438E-9A79-EF7593903873}.Debug|Any CPU.ActiveCfg = Debug|Any CPU
		{8D3F42D4-A1A9-438E-9A79-EF7593903873}.Debug|Any CPU.Build.0 = Debug|Any CPU
		{8D3F42D4-A1A9-438E-9A79-EF7593903873}.Release|Any CPU.ActiveCfg = Release|Any CPU
		{8D3F42D4-A1A9-438E-9A79-EF7593903873}.Release|Any CPU.Build.0 = Release|Any CPU
	EndGlobalSection
	GlobalSection(SolutionProperties) = preSolution
		HideSolutionNode = FALSE
	EndGlobalSection
	GlobalSection(ExtensibilityGlobals) = postSolution
		SolutionGuid = {8F180428-8573-4DED-860D-74702DC2007A}
	EndGlobalSection
EndGlobal
